
Microsoft Visual Studio Solution File, Format Version 12.00
# Visual Studio Version 16
VisualStudioVersion = 25.0.1703.5
MinimumVisualStudioVersion = 10.0.40219.1
Project("{FAE04EC0-301F-11D3-BF4B-00C04F79EFBC}") = "WebsiteBackend", "WebsiteBackend\WebsiteBackend.csproj", "{FAE682A1-4F7F-490D-B4FA-759073921CBE}"
EndProject
Global
	GlobalSection(SolutionConfigurationPlatforms) = preSolution
		Debug|Any CPU = Debug|Any CPU
		Release|Any CPU = Release|Any CPU
	EndGlobalSection
	GlobalSection(ProjectConfigurationPlatforms) = postSolution
		{FAE682A1-4F7F-490D-B4FA-759073921CBE}.Debug|Any CPU.ActiveCfg = Debug|Any CPU
		{FAE682A1-4F7F-490D-B4FA-759073921CBE}.Debug|Any CPU.Build.0 = Debug|Any CPU
		{FAE682A1-4F7F-490D-B4FA-759073921CBE}.Release|Any CPU.ActiveCfg = Release|Any CPU
		{FAE682A1-4F7F-490D-B4FA-759073921CBE}.Release|Any CPU.Build.0 = Release|Any CPU
	EndGlobalSection
	GlobalSection(SolutionProperties) = preSolution
		HideSolutionNode = FALSE
	EndGlobalSection
	GlobalSection(ExtensibilityGlobals) = postSolution
		SolutionGuid = {E2B65D0E-A019-4C53-8F28-721A9014F2DE}
	EndGlobalSection
EndGlobal
